
Microsoft Visual Studio Solution File, Format Version 12.00
# Visual Studio Version 17
VisualStudioVersion = 17.4.33122.133
MinimumVisualStudioVersion = 10.0.40219.1
Project("{9A19103F-16F7-4668-BE54-9A1E7A4F7556}") = "ASBack", "ASBack\ASBack.csproj", "{2DC32903-5126-4FB9-AA24-507B487A5138}"
EndProject
Project("{9A19103F-16F7-4668-BE54-9A1E7A4F7556}") = "Data", "Data\Data.csproj", "{F6A73DA6-F0DF-46FF-BA0E-3239DC883288}"
EndProject
Project("{FAE04EC0-301F-11D3-BF4B-00C04F79EFBC}") = "BussinesLogic", "BussinesLogic\BussinesLogic.csproj", "{FFBBBDC9-3D28-49A1-9F1D-B1224D5F4994}"
EndProject
Global
	GlobalSection(SolutionConfigurationPlatforms) = preSolution
		Debug|Any CPU = Debug|Any CPU
		Release|Any CPU = Release|Any CPU
	EndGlobalSection
	GlobalSection(ProjectConfigurationPlatforms) = postSolution
		{2DC32903-5126-4FB9-AA24-507B487A5138}.Debug|Any CPU.ActiveCfg = Debug|Any CPU
		{2DC32903-5126-4FB9-AA24-507B487A5138}.Debug|Any CPU.Build.0 = Debug|Any CPU
		{2DC32903-5126-4FB9-AA24-507B487A5138}.Release|Any CPU.ActiveCfg = Release|Any CPU
		{2DC32903-5126-4FB9-AA24-507B487A5138}.Release|Any CPU.Build.0 = Release|Any CPU
		{F6A73DA6-F0DF-46FF-BA0E-3239DC883288}.Debug|Any CPU.ActiveCfg = Debug|Any CPU
		{F6A73DA6-F0DF-46FF-BA0E-3239DC883288}.Debug|Any CPU.Build.0 = Debug|Any CPU
		{F6A73DA6-F0DF-46FF-BA0E-3239DC883288}.Release|Any CPU.ActiveCfg = Release|Any CPU
		{F6A73DA6-F0DF-46FF-BA0E-3239DC883288}.Release|Any CPU.Build.0 = Release|Any CPU
		{FFBBBDC9-3D28-49A1-9F1D-B1224D5F4994}.Debug|Any CPU.ActiveCfg = Debug|Any CPU
		{FFBBBDC9-3D28-49A1-9F1D-B1224D5F4994}.Debug|Any CPU.Build.0 = Debug|Any CPU
		{FFBBBDC9-3D28-49A1-9F1D-B1224D5F4994}.Release|Any CPU.ActiveCfg = Release|Any CPU
		{FFBBBDC9-3D28-49A1-9F1D-B1224D5F4994}.Release|Any CPU.Build.0 = Release|Any CPU
	EndGlobalSection
	GlobalSection(SolutionProperties) = preSolution
		HideSolutionNode = FALSE
	EndGlobalSection
	GlobalSection(ExtensibilityGlobals) = postSolution
		SolutionGuid = {826A01D7-AA8A-4749-94B1-4C850EE3CB6A}
	EndGlobalSection
EndGlobal
